
Microsoft Visual Studio Solution File, Format Version 12.00
# Visual Studio 15
VisualStudioVersion = 15.0.28307.1433
MinimumVisualStudioVersion = 10.0.40219.1
Project("{FAE04EC0-301F-11D3-BF4B-00C04F79EFBC}") = "courseWebsite", "courseWebsite\courseWebsite.csproj", "{5B94B1ED-7FFA-4ECD-AD3E-349E4099CD93}"
EndProject
Project("{FAE04EC0-301F-11D3-BF4B-00C04F79EFBC}") = "courseWebsite.Tests", "courseWebsite.Tests\courseWebsite.Tests.csproj", "{1311CC7A-D105-44EE-9C15-209107EF2CD8}"
EndProject
Global
	GlobalSection(SolutionConfigurationPlatforms) = preSolution
		Debug|Any CPU = Debug|Any CPU
		Release|Any CPU = Release|Any CPU
	EndGlobalSection
	GlobalSection(ProjectConfigurationPlatforms) = postSolution
		{5B94B1ED-7FFA-4ECD-AD3E-349E4099CD93}.Debug|Any CPU.ActiveCfg = Debug|Any CPU
		{5B94B1ED-7FFA-4ECD-AD3E-349E4099CD93}.Debug|Any CPU.Build.0 = Debug|Any CPU
		{5B94B1ED-7FFA-4ECD-AD3E-349E4099CD93}.Release|Any CPU.ActiveCfg = Release|Any CPU
		{5B94B1ED-7FFA-4ECD-AD3E-349E4099CD93}.Release|Any CPU.Build.0 = Release|Any CPU
		{1311CC7A-D105-44EE-9C15-209107EF2CD8}.Debug|Any CPU.ActiveCfg = Debug|Any CPU
		{1311CC7A-D105-44EE-9C15-209107EF2CD8}.Debug|Any CPU.Build.0 = Debug|Any CPU
		{1311CC7A-D105-44EE-9C15-209107EF2CD8}.Release|Any CPU.ActiveCfg = Release|Any CPU
		{1311CC7A-D105-44EE-9C15-209107EF2CD8}.Release|Any CPU.Build.0 = Release|Any CPU
	EndGlobalSection
	GlobalSection(SolutionProperties) = preSolution
		HideSolutionNode = FALSE
	EndGlobalSection
	GlobalSection(ExtensibilityGlobals) = postSolution
		SolutionGuid = {928294AD-6812-42D5-A68A-D4054864DC7A}
	EndGlobalSection
EndGlobal
